
Microsoft Visual Studio Solution File, Format Version 12.00
# Visual Studio 15
VisualStudioVersion = 15.0.26124.0
MinimumVisualStudioVersion = 15.0.26124.0
Project("{9A19103F-16F7-4668-BE54-9A1E7A4F7556}") = "R5T.Leeds.Construction", "R5T.Leeds.Construction\R5T.Leeds.Construction.csproj", "{50FD4847-CFAE-4431-977E-1AC5BF5D4268}"
EndProject
Project("{9A19103F-16F7-4668-BE54-9A1E7A4F7556}") = "R5T.Leeds", "R5T.Leeds\R5T.Leeds.csproj", "{9E962BB1-AB6B-4C3E-95EB-039E1A04FE30}"
EndProject
Project("{9A19103F-16F7-4668-BE54-9A1E7A4F7556}") = "R5T.Leeds.Testing", "R5T.Leeds.Testing\R5T.Leeds.Testing.csproj", "{64494F39-1688-4544-9255-F356348A6036}"
EndProject
Project("{2150E333-8FDC-42A3-9474-1A3956D46DE8}") = "_Dependencies", "_Dependencies", "{FC0D3259-E191-47C3-9D51-B70C3C3BE8CB}"
EndProject
Project("{9A19103F-16F7-4668-BE54-9A1E7A4F7556}") = "R5T.Suebia.Hastings", "..\..\R5T.Suebia.Hastings\source\R5T.Suebia.Hastings\R5T.Suebia.Hastings.csproj", "{AAD99B00-09E2-462F-AAC3-AFC5821C3176}"
EndProject
Project("{9A19103F-16F7-4668-BE54-9A1E7A4F7556}") = "R5T.Brighton", "..\..\R5T.Brighton\source\R5T.Brighton\R5T.Brighton.csproj", "{8BD8DEC5-89E8-42FA-9A36-E77E7CC990B9}"
EndProject
Project("{9A19103F-16F7-4668-BE54-9A1E7A4F7556}") = "R5T.Delos", "..\..\R5T.Delos\source\R5T.Delos\R5T.Delos.csproj", "{87EE237E-75CF-4139-B010-23AC8DB83D61}"
EndProject
Project("{9A19103F-16F7-4668-BE54-9A1E7A4F7556}") = "R5T.Stagira", "..\..\R5T.Stagira\source\R5T.Stagira\R5T.Stagira.csproj", "{9E33D0AE-5F9E-437B-B9B1-DAD42A77121B}"
EndProject
Project("{9A19103F-16F7-4668-BE54-9A1E7A4F7556}") = "R5T.Hastings.Base", "..\..\R5T.Hastings.Base\source\R5T.Hastings.Base\R5T.Hastings.Base.csproj", "{26874231-E315-4EC4-81B3-E95177B970CF}"
EndProject
Project("{9A19103F-16F7-4668-BE54-9A1E7A4F7556}") = "R5T.Macommania.Base", "..\..\R5T.Macommania.Base\source\R5T.Macommania.Base\R5T.Macommania.Base.csproj", "{F98081E0-3EDB-4B92-B74C-B7864F5BE268}"
EndProject
Project("{9A19103F-16F7-4668-BE54-9A1E7A4F7556}") = "R5T.Suebia.Alamania", "..\..\R5T.Suebia.Alamania\source\R5T.Suebia.Alamania\R5T.Suebia.Alamania.csproj", "{7410222F-FFD6-41FD-8651-049D715CE7B5}"
EndProject
Project("{9A19103F-16F7-4668-BE54-9A1E7A4F7556}") = "R5T.Alamania.Base", "..\..\R5T.Alamania.Base\source\R5T.Alamania.Base\R5T.Alamania.Base.csproj", "{783DF7D9-BF93-42B8-8523-12E6B05774AE}"
EndProject
Project("{9A19103F-16F7-4668-BE54-9A1E7A4F7556}") = "R5T.Lombardy.Base", "..\..\R5T.Lombardy.Base\source\R5T.Lombardy.Base\R5T.Lombardy.Base.csproj", "{0E2B20D4-0A4F-463B-88C0-21A0B46968EA}"
EndProject
Project("{9A19103F-16F7-4668-BE54-9A1E7A4F7556}") = "R5T.Ostrogothia", "..\..\R5T.Ostrogothia\source\R5T.Ostrogothia\R5T.Ostrogothia.csproj", "{E438A44A-DB07-4B14-B3E6-7396B3F84DB3}"
EndProject
Project("{9A19103F-16F7-4668-BE54-9A1E7A4F7556}") = "R5T.Suebia.Base", "..\..\R5T.Suebia.Base\source\R5T.Suebia.Base\R5T.Suebia.Base.csproj", "{932C191F-DB90-4DBD-BFED-F35D2C01DE57}"
EndProject
Project("{9A19103F-16F7-4668-BE54-9A1E7A4F7556}") = "R5T.Scotia", "..\..\R5T.Scotia\source\R5T.Scotia\R5T.Scotia.csproj", "{1FBACF8C-5278-4C41-BD01-A8FB61005C22}"
EndProject
Project("{9A19103F-16F7-4668-BE54-9A1E7A4F7556}") = "R5T.Alamania.Bulgaria", "..\..\R5T.Alamania.Bulgaria\source\R5T.Alamania.Bulgaria\R5T.Alamania.Bulgaria.csproj", "{2CF57E21-5FB8-4403-B24F-BC5779D6EE63}"
EndProject
Project("{9A19103F-16F7-4668-BE54-9A1E7A4F7556}") = "R5T.Bulgaria.Base", "..\..\R5T.Bulgaria.Base\source\R5T.Bulgaria.Base\R5T.Bulgaria.Base.csproj", "{19442D51-521F-448A-8227-9CB099E20879}"
EndProject
Project("{9A19103F-16F7-4668-BE54-9A1E7A4F7556}") = "R5T.Costobocia.Base", "..\..\R5T.Costobocia.Base\source\R5T.Costobocia.Base\R5T.Costobocia.Base.csproj", "{DB3D543C-AB98-4E0C-B85D-B49D82C704A3}"
EndProject
Project("{9A19103F-16F7-4668-BE54-9A1E7A4F7556}") = "R5T.Ostrogothia.Rivet", "..\..\R5T.Ostrogothia.Rivet\source\R5T.Ostrogothia.Rivet\R5T.Ostrogothia.Rivet.csproj", "{1BD714D8-2F3E-45EB-BA18-E5AC41A17C39}"
EndProject
Project("{9A19103F-16F7-4668-BE54-9A1E7A4F7556}") = "R5T.Bulgaria.Default.Local", "..\..\R5T.Bulgaria.Default.Local\source\R5T.Bulgaria.Default.Local\R5T.Bulgaria.Default.Local.csproj", "{46BB5D7F-A8E6-4F03-8922-B542BD5C9804}"
EndProject
Project("{9A19103F-16F7-4668-BE54-9A1E7A4F7556}") = "R5T.Visigothia.Base", "..\..\R5T.Visigothia.Base\source\R5T.Visigothia.Base\R5T.Visigothia.Base.csproj", "{EFB546E3-9FD4-4E37-9A98-AA3614FAD51F}"
EndProject
Project("{9A19103F-16F7-4668-BE54-9A1E7A4F7556}") = "R5T.Chamavia", "..\..\R5T.Chamavia\source\R5T.Chamavia\R5T.Chamavia.csproj", "{D64AFB81-A491-405A-A04A-47C4C026394B}"
EndProject
Project("{9A19103F-16F7-4668-BE54-9A1E7A4F7556}") = "R5T.Costobocia.Default", "..\..\R5T.Costobocia.Default\source\R5T.Costobocia.Default\R5T.Costobocia.Default.csproj", "{772999FD-D456-453F-8C38-B298BE895DF6}"
EndProject
Project("{9A19103F-16F7-4668-BE54-9A1E7A4F7556}") = "R5T.Dacia", "..\..\R5T.Dacia\source\R5T.Dacia\R5T.Dacia.csproj", "{FBB510EB-25FF-4C86-8273-540210BBE0D5}"
EndProject
Project("{9A19103F-16F7-4668-BE54-9A1E7A4F7556}") = "R5T.Lombardy", "..\..\R5T.Lombardy\source\R5T.Lombardy\R5T.Lombardy.csproj", "{A6C2D719-54B5-45AC-9F04-77DFC884024E}"
EndProject
Project("{9A19103F-16F7-4668-BE54-9A1E7A4F7556}") = "R5T.Cherusci", "..\..\R5T.Cherusci\source\R5T.Cherusci\R5T.Cherusci.csproj", "{122AF25B-FB04-478C-94BA-0A5806D3F472}"
EndProject
Project("{9A19103F-16F7-4668-BE54-9A1E7A4F7556}") = "R5T.Magyar", "..\..\R5T.Magyar\source\R5T.Magyar\R5T.Magyar.csproj", "{44A776B3-27C0-426F-849B-4DECB0EB11FD}"
EndProject
Project("{9A19103F-16F7-4668-BE54-9A1E7A4F7556}") = "R5T.Rugia", "..\..\R5T.Rugia\source\R5T.Rugia\R5T.Rugia.csproj", "{A2A705C2-1493-43EF-9721-8FA3FAD979D0}"
EndProject
Project("{9A19103F-16F7-4668-BE54-9A1E7A4F7556}") = "R5T.Rugia.Base", "..\..\R5T.Rugia.Base\source\R5T.Rugia.Base\R5T.Rugia.Base.csproj", "{4C5FB71C-DE60-45AF-B432-EEB6728E90E9}"
EndProject
Project("{9A19103F-16F7-4668-BE54-9A1E7A4F7556}") = "R5T.Suebia.Default", "..\..\R5T.Suebia.Default\source\R5T.Suebia.Default\R5T.Suebia.Default.csproj", "{0A9491D9-98A5-4BEE-8FC2-A20FAF3B57E9}"
EndProject
Project("{9A19103F-16F7-4668-BE54-9A1E7A4F7556}") = "R5T.Visigothia.Default.Local", "..\..\R5T.Visigothia.Default.Local\source\R5T.Visigothia.Default.Local\R5T.Visigothia.Default.Local.csproj", "{66325E62-E565-4A15-8F73-A72F10385A1F}"
EndProject
Project("{9A19103F-16F7-4668-BE54-9A1E7A4F7556}") = "R5T.Hastings.Default", "..\..\R5T.Hastings.Default\source\R5T.Hastings.Default\R5T.Hastings.Default.csproj", "{20D9DC77-DBE8-4316-A66E-E5FF3BA5D687}"
EndProject
Project("{9A19103F-16F7-4668-BE54-9A1E7A4F7556}") = "R5T.Sardinia", "..\..\R5T.Sardinia\source\R5T.Sardinia\R5T.Sardinia.csproj", "{A4595A9B-4EF7-401B-85A0-E8456E2C3C73}"
EndProject
Project("{9A19103F-16F7-4668-BE54-9A1E7A4F7556}") = "R5T.Macommania.Default", "..\..\R5T.Macommania.Default\source\R5T.Macommania.Default\R5T.Macommania.Default.csproj", "{89B276D4-E49A-4C35-850B-3CC53E00C98F}"
EndProject
Global
	GlobalSection(SolutionConfigurationPlatforms) = preSolution
		Debug|Any CPU = Debug|Any CPU
		Debug|x64 = Debug|x64
		Debug|x86 = Debug|x86
		Release|Any CPU = Release|Any CPU
		Release|x64 = Release|x64
		Release|x86 = Release|x86
	EndGlobalSection
	GlobalSection(ProjectConfigurationPlatforms) = postSolution
		{50FD4847-CFAE-4431-977E-1AC5BF5D4268}.Debug|Any CPU.ActiveCfg = Debug|Any CPU
		{50FD4847-CFAE-4431-977E-1AC5BF5D4268}.Debug|Any CPU.Build.0 = Debug|Any CPU
		{50FD4847-CFAE-4431-977E-1AC5BF5D4268}.Debug|x64.ActiveCfg = Debug|Any CPU
		{50FD4847-CFAE-4431-977E-1AC5BF5D4268}.Debug|x64.Build.0 = Debug|Any CPU
		{50FD4847-CFAE-4431-977E-1AC5BF5D4268}.Debug|x86.ActiveCfg = Debug|Any CPU
		{50FD4847-CFAE-4431-977E-1AC5BF5D4268}.Debug|x86.Build.0 = Debug|Any CPU
		{50FD4847-CFAE-4431-977E-1AC5BF5D4268}.Release|Any CPU.ActiveCfg = Release|Any CPU
		{50FD4847-CFAE-4431-977E-1AC5BF5D4268}.Release|Any CPU.Build.0 = Release|Any CPU
		{50FD4847-CFAE-4431-977E-1AC5BF5D4268}.Release|x64.ActiveCfg = Release|Any CPU
		{50FD4847-CFAE-4431-977E-1AC5BF5D4268}.Release|x64.Build.0 = Release|Any CPU
		{50FD4847-CFAE-4431-977E-1AC5BF5D4268}.Release|x86.ActiveCfg = Release|Any CPU
		{50FD4847-CFAE-4431-977E-1AC5BF5D4268}.Release|x86.Build.0 = Release|Any CPU
		{9E962BB1-AB6B-4C3E-95EB-039E1A04FE30}.Debug|Any CPU.ActiveCfg = Debug|Any CPU
		{9E962BB1-AB6B-4C3E-95EB-039E1A04FE30}.Debug|Any CPU.Build.0 = Debug|Any CPU
		{9E962BB1-AB6B-4C3E-95EB-039E1A04FE30}.Debug|x64.ActiveCfg = Debug|Any CPU
		{9E962BB1-AB6B-4C3E-95EB-039E1A04FE30}.Debug|x64.Build.0 = Debug|Any CPU
		{9E962BB1-AB6B-4C3E-95EB-039E1A04FE30}.Debug|x86.ActiveCfg = Debug|Any CPU
		{9E962BB1-AB6B-4C3E-95EB-039E1A04FE30}.Debug|x86.Build.0 = Debug|Any CPU
		{9E962BB1-AB6B-4C3E-95EB-039E1A04FE30}.Release|Any CPU.ActiveCfg = Release|Any CPU
		{9E962BB1-AB6B-4C3E-95EB-039E1A04FE30}.Release|Any CPU.Build.0 = Release|Any CPU
		{9E962BB1-AB6B-4C3E-95EB-039E1A04FE30}.Release|x64.ActiveCfg = Release|Any CPU
		{9E962BB1-AB6B-4C3E-95EB-039E1A04FE30}.Release|x64.Build.0 = Release|Any CPU
		{9E962BB1-AB6B-4C3E-95EB-039E1A04FE30}.Release|x86.ActiveCfg = Release|Any CPU
		{9E962BB1-AB6B-4C3E-95EB-039E1A04FE30}.Release|x86.Build.0 = Release|Any CPU
		{64494F39-1688-4544-9255-F356348A6036}.Debug|Any CPU.ActiveCfg = Debug|Any CPU
		{64494F39-1688-4544-9255-F356348A6036}.Debug|Any CPU.Build.0 = Debug|Any CPU
		{64494F39-1688-4544-9255-F356348A6036}.Debug|x64.ActiveCfg = Debug|Any CPU
		{64494F39-1688-4544-9255-F356348A6036}.Debug|x64.Build.0 = Debug|Any CPU
		{64494F39-1688-4544-9255-F356348A6036}.Debug|x86.ActiveCfg = Debug|Any CPU
		{64494F39-1688-4544-9255-F356348A6036}.Debug|x86.Build.0 = Debug|Any CPU
		{64494F39-1688-4544-9255-F356348A6036}.Release|Any CPU.ActiveCfg = Release|Any CPU
		{64494F39-1688-4544-9255-F356348A6036}.Release|Any CPU.Build.0 = Release|Any CPU
		{64494F39-1688-4544-9255-F356348A6036}.Release|x64.ActiveCfg = Release|Any CPU
		{64494F39-1688-4544-9255-F356348A6036}.Release|x64.Build.0 = Release|Any CPU
		{64494F39-1688-4544-9255-F356348A6036}.Release|x86.ActiveCfg = Release|Any CPU
		{64494F39-1688-4544-9255-F356348A6036}.Release|x86.Build.0 = Release|Any CPU
		{AAD99B00-09E2-462F-AAC3-AFC5821C3176}.Debug|Any CPU.ActiveCfg = Debug|Any CPU
		{AAD99B00-09E2-462F-AAC3-AFC5821C3176}.Debug|Any CPU.Build.0 = Debug|Any CPU
		{AAD99B00-09E2-462F-AAC3-AFC5821C3176}.Debug|x64.ActiveCfg = Debug|Any CPU
		{AAD99B00-09E2-462F-AAC3-AFC5821C3176}.Debug|x64.Build.0 = Debug|Any CPU
		{AAD99B00-09E2-462F-AAC3-AFC5821C3176}.Debug|x86.ActiveCfg = Debug|Any CPU
		{AAD99B00-09E2-462F-AAC3-AFC5821C3176}.Debug|x86.Build.0 = Debug|Any CPU
		{AAD99B00-09E2-462F-AAC3-AFC5821C3176}.Release|Any CPU.ActiveCfg = Release|Any CPU
		{AAD99B00-09E2-462F-AAC3-AFC5821C3176}.Release|Any CPU.Build.0 = Release|Any CPU
		{AAD99B00-09E2-462F-AAC3-AFC5821C3176}.Release|x64.ActiveCfg = Release|Any CPU
		{AAD99B00-09E2-462F-AAC3-AFC5821C3176}.Release|x64.Build.0 = Release|Any CPU
		{AAD99B00-09E2-462F-AAC3-AFC5821C3176}.Release|x86.ActiveCfg = Release|Any CPU
		{AAD99B00-09E2-462F-AAC3-AFC5821C3176}.Release|x86.Build.0 = Release|Any CPU
		{8BD8DEC5-89E8-42FA-9A36-E77E7CC990B9}.Debug|Any CPU.ActiveCfg = Debug|Any CPU
		{8BD8DEC5-89E8-42FA-9A36-E77E7CC990B9}.Debug|Any CPU.Build.0 = Debug|Any CPU
		{8BD8DEC5-89E8-42FA-9A36-E77E7CC990B9}.Debug|x64.ActiveCfg = Debug|Any CPU
		{8BD8DEC5-89E8-42FA-9A36-E77E7CC990B9}.Debug|x64.Build.0 = Debug|Any CPU
		{8BD8DEC5-89E8-42FA-9A36-E77E7CC990B9}.Debug|x86.ActiveCfg = Debug|Any CPU
		{8BD8DEC5-89E8-42FA-9A36-E77E7CC990B9}.Debug|x86.Build.0 = Debug|Any CPU
		{8BD8DEC5-89E8-42FA-9A36-E77E7CC990B9}.Release|Any CPU.ActiveCfg = Release|Any CPU
		{8BD8DEC5-89E8-42FA-9A36-E77E7CC990B9}.Release|Any CPU.Build.0 = Release|Any CPU
		{8BD8DEC5-89E8-42FA-9A36-E77E7CC990B9}.Release|x64.ActiveCfg = Release|Any CPU
		{8BD8DEC5-89E8-42FA-9A36-E77E7CC990B9}.Release|x64.Build.0 = Release|Any CPU
		{8BD8DEC5-89E8-42FA-9A36-E77E7CC990B9}.Release|x86.ActiveCfg = Release|Any CPU
		{8BD8DEC5-89E8-42FA-9A36-E77E7CC990B9}.Release|x86.Build.0 = Release|Any CPU
		{87EE237E-75CF-4139-B010-23AC8DB83D61}.Debug|Any CPU.ActiveCfg = Debug|Any CPU
		{87EE237E-75CF-4139-B010-23AC8DB83D61}.Debug|Any CPU.Build.0 = Debug|Any CPU
		{87EE237E-75CF-4139-B010-23AC8DB83D61}.Debug|x64.ActiveCfg = Debug|Any CPU
		{87EE237E-75CF-4139-B010-23AC8DB83D61}.Debug|x64.Build.0 = Debug|Any CPU
		{87EE237E-75CF-4139-B010-23AC8DB83D61}.Debug|x86.ActiveCfg = Debug|Any CPU
		{87EE237E-75CF-4139-B010-23AC8DB83D61}.Debug|x86.Build.0 = Debug|Any CPU
		{87EE237E-75CF-4139-B010-23AC8DB83D61}.Release|Any CPU.ActiveCfg = Release|Any CPU
		{87EE237E-75CF-4139-B010-23AC8DB83D61}.Release|Any CPU.Build.0 = Release|Any CPU
		{87EE237E-75CF-4139-B010-23AC8DB83D61}.Release|x64.ActiveCfg = Release|Any CPU
		{87EE237E-75CF-4139-B010-23AC8DB83D61}.Release|x64.Build.0 = Release|Any CPU
		{87EE237E-75CF-4139-B010-23AC8DB83D61}.Release|x86.ActiveCfg = Release|Any CPU
		{87EE237E-75CF-4139-B010-23AC8DB83D61}.Release|x86.Build.0 = Release|Any CPU
		{9E33D0AE-5F9E-437B-B9B1-DAD42A77121B}.Debug|Any CPU.ActiveCfg = Debug|Any CPU
		{9E33D0AE-5F9E-437B-B9B1-DAD42A77121B}.Debug|Any CPU.Build.0 = Debug|Any CPU
		{9E33D0AE-5F9E-437B-B9B1-DAD42A77121B}.Debug|x64.ActiveCfg = Debug|Any CPU
		{9E33D0AE-5F9E-437B-B9B1-DAD42A77121B}.Debug|x64.Build.0 = Debug|Any CPU
		{9E33D0AE-5F9E-437B-B9B1-DAD42A77121B}.Debug|x86.ActiveCfg = Debug|Any CPU
		{9E33D0AE-5F9E-437B-B9B1-DAD42A77121B}.Debug|x86.Build.0 = Debug|Any CPU
		{9E33D0AE-5F9E-437B-B9B1-DAD42A77121B}.Release|Any CPU.ActiveCfg = Release|Any CPU
		{9E33D0AE-5F9E-437B-B9B1-DAD42A77121B}.Release|Any CPU.Build.0 = Release|Any CPU
		{9E33D0AE-5F9E-437B-B9B1-DAD42A77121B}.Release|x64.ActiveCfg = Release|Any CPU
		{9E33D0AE-5F9E-437B-B9B1-DAD42A77121B}.Release|x64.Build.0 = Release|Any CPU
		{9E33D0AE-5F9E-437B-B9B1-DAD42A77121B}.Release|x86.ActiveCfg = Release|Any CPU
		{9E33D0AE-5F9E-437B-B9B1-DAD42A77121B}.Release|x86.Build.0 = Release|Any CPU
		{26874231-E315-4EC4-81B3-E95177B970CF}.Debug|Any CPU.ActiveCfg = Debug|Any CPU
		{26874231-E315-4EC4-81B3-E95177B970CF}.Debug|Any CPU.Build.0 = Debug|Any CPU
		{26874231-E315-4EC4-81B3-E95177B970CF}.Debug|x64.ActiveCfg = Debug|Any CPU
		{26874231-E315-4EC4-81B3-E95177B970CF}.Debug|x64.Build.0 = Debug|Any CPU
		{26874231-E315-4EC4-81B3-E95177B970CF}.Debug|x86.ActiveCfg = Debug|Any CPU
		{26874231-E315-4EC4-81B3-E95177B970CF}.Debug|x86.Build.0 = Debug|Any CPU
		{26874231-E315-4EC4-81B3-E95177B970CF}.Release|Any CPU.ActiveCfg = Release|Any CPU
		{26874231-E315-4EC4-81B3-E95177B970CF}.Release|Any CPU.Build.0 = Release|Any CPU
		{26874231-E315-4EC4-81B3-E95177B970CF}.Release|x64.ActiveCfg = Release|Any CPU
		{26874231-E315-4EC4-81B3-E95177B970CF}.Release|x64.Build.0 = Release|Any CPU
		{26874231-E315-4EC4-81B3-E95177B970CF}.Release|x86.ActiveCfg = Release|Any CPU
		{26874231-E315-4EC4-81B3-E95177B970CF}.Release|x86.Build.0 = Release|Any CPU
		{F98081E0-3EDB-4B92-B74C-B7864F5BE268}.Debug|Any CPU.ActiveCfg = Debug|Any CPU
		{F98081E0-3EDB-4B92-B74C-B7864F5BE268}.Debug|Any CPU.Build.0 = Debug|Any CPU
		{F98081E0-3EDB-4B92-B74C-B7864F5BE268}.Debug|x64.ActiveCfg = Debug|Any CPU
		{F98081E0-3EDB-4B92-B74C-B7864F5BE268}.Debug|x64.Build.0 = Debug|Any CPU
		{F98081E0-3EDB-4B92-B74C-B7864F5BE268}.Debug|x86.ActiveCfg = Debug|Any CPU
		{F98081E0-3EDB-4B92-B74C-B7864F5BE268}.Debug|x86.Build.0 = Debug|Any CPU
		{F98081E0-3EDB-4B92-B74C-B7864F5BE268}.Release|Any CPU.ActiveCfg = Release|Any CPU
		{F98081E0-3EDB-4B92-B74C-B7864F5BE268}.Release|Any CPU.Build.0 = Release|Any CPU
		{F98081E0-3EDB-4B92-B74C-B7864F5BE268}.Release|x64.ActiveCfg = Release|Any CPU
		{F98081E0-3EDB-4B92-B74C-B7864F5BE268}.Release|x64.Build.0 = Release|Any CPU
		{F98081E0-3EDB-4B92-B74C-B7864F5BE268}.Release|x86.ActiveCfg = Release|Any CPU
		{F98081E0-3EDB-4B92-B74C-B7864F5BE268}.Release|x86.Build.0 = Release|Any CPU
		{7410222F-FFD6-41FD-8651-049D715CE7B5}.Debug|Any CPU.ActiveCfg = Debug|Any CPU
		{7410222F-FFD6-41FD-8651-049D715CE7B5}.Debug|Any CPU.Build.0 = Debug|Any CPU
		{7410222F-FFD6-41FD-8651-049D715CE7B5}.Debug|x64.ActiveCfg = Debug|Any CPU
		{7410222F-FFD6-41FD-8651-049D715CE7B5}.Debug|x64.Build.0 = Debug|Any CPU
		{7410222F-FFD6-41FD-8651-049D715CE7B5}.Debug|x86.ActiveCfg = Debug|Any CPU
		{7410222F-FFD6-41FD-8651-049D715CE7B5}.Debug|x86.Build.0 = Debug|Any CPU
		{7410222F-FFD6-41FD-8651-049D715CE7B5}.Release|Any CPU.ActiveCfg = Release|Any CPU
		{7410222F-FFD6-41FD-8651-049D715CE7B5}.Release|Any CPU.Build.0 = Release|Any CPU
		{7410222F-FFD6-41FD-8651-049D715CE7B5}.Release|x64.ActiveCfg = Release|Any CPU
		{7410222F-FFD6-41FD-8651-049D715CE7B5}.Release|x64.Build.0 = Release|Any CPU
		{7410222F-FFD6-41FD-8651-049D715CE7B5}.Release|x86.ActiveCfg = Release|Any CPU
		{7410222F-FFD6-41FD-8651-049D715CE7B5}.Release|x86.Build.0 = Release|Any CPU
		{783DF7D9-BF93-42B8-8523-12E6B05774AE}.Debug|Any CPU.ActiveCfg = Debug|Any CPU
		{783DF7D9-BF93-42B8-8523-12E6B05774AE}.Debug|Any CPU.Build.0 = Debug|Any CPU
		{783DF7D9-BF93-42B8-8523-12E6B05774AE}.Debug|x64.ActiveCfg = Debug|Any CPU
		{783DF7D9-BF93-42B8-8523-12E6B05774AE}.Debug|x64.Build.0 = Debug|Any CPU
		{783DF7D9-BF93-42B8-8523-12E6B05774AE}.Debug|x86.ActiveCfg = Debug|Any CPU
		{783DF7D9-BF93-42B8-8523-12E6B05774AE}.Debug|x86.Build.0 = Debug|Any CPU
		{783DF7D9-BF93-42B8-8523-12E6B05774AE}.Release|Any CPU.ActiveCfg = Release|Any CPU
		{783DF7D9-BF93-42B8-8523-12E6B05774AE}.Release|Any CPU.Build.0 = Release|Any CPU
		{783DF7D9-BF93-42B8-8523-12E6B05774AE}.Release|x64.ActiveCfg = Release|Any CPU
		{783DF7D9-BF93-42B8-8523-12E6B05774AE}.Release|x64.Build.0 = Release|Any CPU
		{783DF7D9-BF93-42B8-8523-12E6B05774AE}.Release|x86.ActiveCfg = Release|Any CPU
		{783DF7D9-BF93-42B8-8523-12E6B05774AE}.Release|x86.Build.0 = Release|Any CPU
		{0E2B20D4-0A4F-463B-88C0-21A0B46968EA}.Debug|Any CPU.ActiveCfg = Debug|Any CPU
		{0E2B20D4-0A4F-463B-88C0-21A0B46968EA}.Debug|Any CPU.Build.0 = Debug|Any CPU
		{0E2B20D4-0A4F-463B-88C0-21A0B46968EA}.Debug|x64.ActiveCfg = Debug|Any CPU
		{0E2B20D4-0A4F-463B-88C0-21A0B46968EA}.Debug|x64.Build.0 = Debug|Any CPU
		{0E2B20D4-0A4F-463B-88C0-21A0B46968EA}.Debug|x86.ActiveCfg = Debug|Any CPU
		{0E2B20D4-0A4F-463B-88C0-21A0B46968EA}.Debug|x86.Build.0 = Debug|Any CPU
		{0E2B20D4-0A4F-463B-88C0-21A0B46968EA}.Release|Any CPU.ActiveCfg = Release|Any CPU
		{0E2B20D4-0A4F-463B-88C0-21A0B46968EA}.Release|Any CPU.Build.0 = Release|Any CPU
		{0E2B20D4-0A4F-463B-88C0-21A0B46968EA}.Release|x64.ActiveCfg = Release|Any CPU
		{0E2B20D4-0A4F-463B-88C0-21A0B46968EA}.Release|x64.Build.0 = Release|Any CPU
		{0E2B20D4-0A4F-463B-88C0-21A0B46968EA}.Release|x86.ActiveCfg = Release|Any CPU
		{0E2B20D4-0A4F-463B-88C0-21A0B46968EA}.Release|x86.Build.0 = Release|Any CPU
		{E438A44A-DB07-4B14-B3E6-7396B3F84DB3}.Debug|Any CPU.ActiveCfg = Debug|Any CPU
		{E438A44A-DB07-4B14-B3E6-7396B3F84DB3}.Debug|Any CPU.Build.0 = Debug|Any CPU
		{E438A44A-DB07-4B14-B3E6-7396B3F84DB3}.Debug|x64.ActiveCfg = Debug|Any CPU
		{E438A44A-DB07-4B14-B3E6-7396B3F84DB3}.Debug|x64.Build.0 = Debug|Any CPU
		{E438A44A-DB07-4B14-B3E6-7396B3F84DB3}.Debug|x86.ActiveCfg = Debug|Any CPU
		{E438A44A-DB07-4B14-B3E6-7396B3F84DB3}.Debug|x86.Build.0 = Debug|Any CPU
		{E438A44A-DB07-4B14-B3E6-7396B3F84DB3}.Release|Any CPU.ActiveCfg = Release|Any CPU
		{E438A44A-DB07-4B14-B3E6-7396B3F84DB3}.Release|Any CPU.Build.0 = Release|Any CPU
		{E438A44A-DB07-4B14-B3E6-7396B3F84DB3}.Release|x64.ActiveCfg = Release|Any CPU
		{E438A44A-DB07-4B14-B3E6-7396B3F84DB3}.Release|x64.Build.0 = Release|Any CPU
		{E438A44A-DB07-4B14-B3E6-7396B3F84DB3}.Release|x86.ActiveCfg = Release|Any CPU
		{E438A44A-DB07-4B14-B3E6-7396B3F84DB3}.Release|x86.Build.0 = Release|Any CPU
		{932C191F-DB90-4DBD-BFED-F35D2C01DE57}.Debug|Any CPU.ActiveCfg = Debug|Any CPU
		{932C191F-DB90-4DBD-BFED-F35D2C01DE57}.Debug|Any CPU.Build.0 = Debug|Any CPU
		{932C191F-DB90-4DBD-BFED-F35D2C01DE57}.Debug|x64.ActiveCfg = Debug|Any CPU
		{932C191F-DB90-4DBD-BFED-F35D2C01DE57}.Debug|x64.Build.0 = Debug|Any CPU
		{932C191F-DB90-4DBD-BFED-F35D2C01DE57}.Debug|x86.ActiveCfg = Debug|Any CPU
		{932C191F-DB90-4DBD-BFED-F35D2C01DE57}.Debug|x86.Build.0 = Debug|Any CPU
		{932C191F-DB90-4DBD-BFED-F35D2C01DE57}.Release|Any CPU.ActiveCfg = Release|Any CPU
		{932C191F-DB90-4DBD-BFED-F35D2C01DE57}.Release|Any CPU.Build.0 = Release|Any CPU
		{932C191F-DB90-4DBD-BFED-F35D2C01DE57}.Release|x64.ActiveCfg = Release|Any CPU
		{932C191F-DB90-4DBD-BFED-F35D2C01DE57}.Release|x64.Build.0 = Release|Any CPU
		{932C191F-DB90-4DBD-BFED-F35D2C01DE57}.Release|x86.ActiveCfg = Release|Any CPU
		{932C191F-DB90-4DBD-BFED-F35D2C01DE57}.Release|x86.Build.0 = Release|Any CPU
		{1FBACF8C-5278-4C41-BD01-A8FB61005C22}.Debug|Any CPU.ActiveCfg = Debug|Any CPU
		{1FBACF8C-5278-4C41-BD01-A8FB61005C22}.Debug|Any CPU.Build.0 = Debug|Any CPU
		{1FBACF8C-5278-4C41-BD01-A8FB61005C22}.Debug|x64.ActiveCfg = Debug|Any CPU
		{1FBACF8C-5278-4C41-BD01-A8FB61005C22}.Debug|x64.Build.0 = Debug|Any CPU
		{1FBACF8C-5278-4C41-BD01-A8FB61005C22}.Debug|x86.ActiveCfg = Debug|Any CPU
		{1FBACF8C-5278-4C41-BD01-A8FB61005C22}.Debug|x86.Build.0 = Debug|Any CPU
		{1FBACF8C-5278-4C41-BD01-A8FB61005C22}.Release|Any CPU.ActiveCfg = Release|Any CPU
		{1FBACF8C-5278-4C41-BD01-A8FB61005C22}.Release|Any CPU.Build.0 = Release|Any CPU
		{1FBACF8C-5278-4C41-BD01-A8FB61005C22}.Release|x64.ActiveCfg = Release|Any CPU
		{1FBACF8C-5278-4C41-BD01-A8FB61005C22}.Release|x64.Build.0 = Release|Any CPU
		{1FBACF8C-5278-4C41-BD01-A8FB61005C22}.Release|x86.ActiveCfg = Release|Any CPU
		{1FBACF8C-5278-4C41-BD01-A8FB61005C22}.Release|x86.Build.0 = Release|Any CPU
		{2CF57E21-5FB8-4403-B24F-BC5779D6EE63}.Debug|Any CPU.ActiveCfg = Debug|Any CPU
		{2CF57E21-5FB8-4403-B24F-BC5779D6EE63}.Debug|Any CPU.Build.0 = Debug|Any CPU
		{2CF57E21-5FB8-4403-B24F-BC5779D6EE63}.Debug|x64.ActiveCfg = Debug|Any CPU
		{2CF57E21-5FB8-4403-B24F-BC5779D6EE63}.Debug|x64.Build.0 = Debug|Any CPU
		{2CF57E21-5FB8-4403-B24F-BC5779D6EE63}.Debug|x86.ActiveCfg = Debug|Any CPU
		{2CF57E21-5FB8-4403-B24F-BC5779D6EE63}.Debug|x86.Build.0 = Debug|Any CPU
		{2CF57E21-5FB8-4403-B24F-BC5779D6EE63}.Release|Any CPU.ActiveCfg = Release|Any CPU
		{2CF57E21-5FB8-4403-B24F-BC5779D6EE63}.Release|Any CPU.Build.0 = Release|Any CPU
		{2CF57E21-5FB8-4403-B24F-BC5779D6EE63}.Release|x64.ActiveCfg = Release|Any CPU
		{2CF57E21-5FB8-4403-B24F-BC5779D6EE63}.Release|x64.Build.0 = Release|Any CPU
		{2CF57E21-5FB8-4403-B24F-BC5779D6EE63}.Release|x86.ActiveCfg = Release|Any CPU
		{2CF57E21-5FB8-4403-B24F-BC5779D6EE63}.Release|x86.Build.0 = Release|Any CPU
		{19442D51-521F-448A-8227-9CB099E20879}.Debug|Any CPU.ActiveCfg = Debug|Any CPU
		{19442D51-521F-448A-8227-9CB099E20879}.Debug|Any CPU.Build.0 = Debug|Any CPU
		{19442D51-521F-448A-8227-9CB099E20879}.Debug|x64.ActiveCfg = Debug|Any CPU
		{19442D51-521F-448A-8227-9CB099E20879}.Debug|x64.Build.0 = Debug|Any CPU
		{19442D51-521F-448A-8227-9CB099E20879}.Debug|x86.ActiveCfg = Debug|Any CPU
		{19442D51-521F-448A-8227-9CB099E20879}.Debug|x86.Build.0 = Debug|Any CPU
		{19442D51-521F-448A-8227-9CB099E20879}.Release|Any CPU.ActiveCfg = Release|Any CPU
		{19442D51-521F-448A-8227-9CB099E20879}.Release|Any CPU.Build.0 = Release|Any CPU
		{19442D51-521F-448A-8227-9CB099E20879}.Release|x64.ActiveCfg = Release|Any CPU
		{19442D51-521F-448A-8227-9CB099E20879}.Release|x64.Build.0 = Release|Any CPU
		{19442D51-521F-448A-8227-9CB099E20879}.Release|x86.ActiveCfg = Release|Any CPU
		{19442D51-521F-448A-8227-9CB099E20879}.Release|x86.Build.0 = Release|Any CPU
		{DB3D543C-AB98-4E0C-B85D-B49D82C704A3}.Debug|Any CPU.ActiveCfg = Debug|Any CPU
		{DB3D543C-AB98-4E0C-B85D-B49D82C704A3}.Debug|Any CPU.Build.0 = Debug|Any CPU
		{DB3D543C-AB98-4E0C-B85D-B49D82C704A3}.Debug|x64.ActiveCfg = Debug|Any CPU
		{DB3D543C-AB98-4E0C-B85D-B49D82C704A3}.Debug|x64.Build.0 = Debug|Any CPU
		{DB3D543C-AB98-4E0C-B85D-B49D82C704A3}.Debug|x86.ActiveCfg = Debug|Any CPU
		{DB3D543C-AB98-4E0C-B85D-B49D82C704A3}.Debug|x86.Build.0 = Debug|Any CPU
		{DB3D543C-AB98-4E0C-B85D-B49D82C704A3}.Release|Any CPU.ActiveCfg = Release|Any CPU
		{DB3D543C-AB98-4E0C-B85D-B49D82C704A3}.Release|Any CPU.Build.0 = Release|Any CPU
		{DB3D543C-AB98-4E0C-B85D-B49D82C704A3}.Release|x64.ActiveCfg = Release|Any CPU
		{DB3D543C-AB98-4E0C-B85D-B49D82C704A3}.Release|x64.Build.0 = Release|Any CPU
		{DB3D543C-AB98-4E0C-B85D-B49D82C704A3}.Release|x86.ActiveCfg = Release|Any CPU
		{DB3D543C-AB98-4E0C-B85D-B49D82C704A3}.Release|x86.Build.0 = Release|Any CPU
		{1BD714D8-2F3E-45EB-BA18-E5AC41A17C39}.Debug|Any CPU.ActiveCfg = Debug|Any CPU
		{1BD714D8-2F3E-45EB-BA18-E5AC41A17C39}.Debug|Any CPU.Build.0 = Debug|Any CPU
		{1BD714D8-2F3E-45EB-BA18-E5AC41A17C39}.Debug|x64.ActiveCfg = Debug|Any CPU
		{1BD714D8-2F3E-45EB-BA18-E5AC41A17C39}.Debug|x64.Build.0 = Debug|Any CPU
		{1BD714D8-2F3E-45EB-BA18-E5AC41A17C39}.Debug|x86.ActiveCfg = Debug|Any CPU
		{1BD714D8-2F3E-45EB-BA18-E5AC41A17C39}.Debug|x86.Build.0 = Debug|Any CPU
		{1BD714D8-2F3E-45EB-BA18-E5AC41A17C39}.Release|Any CPU.ActiveCfg = Release|Any CPU
		{1BD714D8-2F3E-45EB-BA18-E5AC41A17C39}.Release|Any CPU.Build.0 = Release|Any CPU
		{1BD714D8-2F3E-45EB-BA18-E5AC41A17C39}.Release|x64.ActiveCfg = Release|Any CPU
		{1BD714D8-2F3E-45EB-BA18-E5AC41A17C39}.Release|x64.Build.0 = Release|Any CPU
		{1BD714D8-2F3E-45EB-BA18-E5AC41A17C39}.Release|x86.ActiveCfg = Release|Any CPU
		{1BD714D8-2F3E-45EB-BA18-E5AC41A17C39}.Release|x86.Build.0 = Release|Any CPU
		{46BB5D7F-A8E6-4F03-8922-B542BD5C9804}.Debug|Any CPU.ActiveCfg = Debug|Any CPU
		{46BB5D7F-A8E6-4F03-8922-B542BD5C9804}.Debug|Any CPU.Build.0 = Debug|Any CPU
		{46BB5D7F-A8E6-4F03-8922-B542BD5C9804}.Debug|x64.ActiveCfg = Debug|Any CPU
		{46BB5D7F-A8E6-4F03-8922-B542BD5C9804}.Debug|x64.Build.0 = Debug|Any CPU
		{46BB5D7F-A8E6-4F03-8922-B542BD5C9804}.Debug|x86.ActiveCfg = Debug|Any CPU
		{46BB5D7F-A8E6-4F03-8922-B542BD5C9804}.Debug|x86.Build.0 = Debug|Any CPU
		{46BB5D7F-A8E6-4F03-8922-B542BD5C9804}.Release|Any CPU.ActiveCfg = Release|Any CPU
		{46BB5D7F-A8E6-4F03-8922-B542BD5C9804}.Release|Any CPU.Build.0 = Release|Any CPU
		{46BB5D7F-A8E6-4F03-8922-B542BD5C9804}.Release|x64.ActiveCfg = Release|Any CPU
		{46BB5D7F-A8E6-4F03-8922-B542BD5C9804}.Release|x64.Build.0 = Release|Any CPU
		{46BB5D7F-A8E6-4F03-8922-B542BD5C9804}.Release|x86.ActiveCfg = Release|Any CPU
		{46BB5D7F-A8E6-4F03-8922-B542BD5C9804}.Release|x86.Build.0 = Release|Any CPU
		{EFB546E3-9FD4-4E37-9A98-AA3614FAD51F}.Debug|Any CPU.ActiveCfg = Debug|Any CPU
		{EFB546E3-9FD4-4E37-9A98-AA3614FAD51F}.Debug|Any CPU.Build.0 = Debug|Any CPU
		{EFB546E3-9FD4-4E37-9A98-AA3614FAD51F}.Debug|x64.ActiveCfg = Debug|Any CPU
		{EFB546E3-9FD4-4E37-9A98-AA3614FAD51F}.Debug|x64.Build.0 = Debug|Any CPU
		{EFB546E3-9FD4-4E37-9A98-AA3614FAD51F}.Debug|x86.ActiveCfg = Debug|Any CPU
		{EFB546E3-9FD4-4E37-9A98-AA3614FAD51F}.Debug|x86.Build.0 = Debug|Any CPU
		{EFB546E3-9FD4-4E37-9A98-AA3614FAD51F}.Release|Any CPU.ActiveCfg = Release|Any CPU
		{EFB546E3-9FD4-4E37-9A98-AA3614FAD51F}.Release|Any CPU.Build.0 = Release|Any CPU
		{EFB546E3-9FD4-4E37-9A98-AA3614FAD51F}.Release|x64.ActiveCfg = Release|Any CPU
		{EFB546E3-9FD4-4E37-9A98-AA3614FAD51F}.Release|x64.Build.0 = Release|Any CPU
		{EFB546E3-9FD4-4E37-9A98-AA3614FAD51F}.Release|x86.ActiveCfg = Release|Any CPU
		{EFB546E3-9FD4-4E37-9A98-AA3614FAD51F}.Release|x86.Build.0 = Release|Any CPU
		{D64AFB81-A491-405A-A04A-47C4C026394B}.Debug|Any CPU.ActiveCfg = Debug|Any CPU
		{D64AFB81-A491-405A-A04A-47C4C026394B}.Debug|Any CPU.Build.0 = Debug|Any CPU
		{D64AFB81-A491-405A-A04A-47C4C026394B}.Debug|x64.ActiveCfg = Debug|Any CPU
		{D64AFB81-A491-405A-A04A-47C4C026394B}.Debug|x64.Build.0 = Debug|Any CPU
		{D64AFB81-A491-405A-A04A-47C4C026394B}.Debug|x86.ActiveCfg = Debug|Any CPU
		{D64AFB81-A491-405A-A04A-47C4C026394B}.Debug|x86.Build.0 = Debug|Any CPU
		{D64AFB81-A491-405A-A04A-47C4C026394B}.Release|Any CPU.ActiveCfg = Release|Any CPU
		{D64AFB81-A491-405A-A04A-47C4C026394B}.Release|Any CPU.Build.0 = Release|Any CPU
		{D64AFB81-A491-405A-A04A-47C4C026394B}.Release|x64.ActiveCfg = Release|Any CPU
		{D64AFB81-A491-405A-A04A-47C4C026394B}.Release|x64.Build.0 = Release|Any CPU
		{D64AFB81-A491-405A-A04A-47C4C026394B}.Release|x86.ActiveCfg = Release|Any CPU
		{D64AFB81-A491-405A-A04A-47C4C026394B}.Release|x86.Build.0 = Release|Any CPU
		{772999FD-D456-453F-8C38-B298BE895DF6}.Debug|Any CPU.ActiveCfg = Debug|Any CPU
		{772999FD-D456-453F-8C38-B298BE895DF6}.Debug|Any CPU.Build.0 = Debug|Any CPU
		{772999FD-D456-453F-8C38-B298BE895DF6}.Debug|x64.ActiveCfg = Debug|Any CPU
		{772999FD-D456-453F-8C38-B298BE895DF6}.Debug|x64.Build.0 = Debug|Any CPU
		{772999FD-D456-453F-8C38-B298BE895DF6}.Debug|x86.ActiveCfg = Debug|Any CPU
		{772999FD-D456-453F-8C38-B298BE895DF6}.Debug|x86.Build.0 = Debug|Any CPU
		{772999FD-D456-453F-8C38-B298BE895DF6}.Release|Any CPU.ActiveCfg = Release|Any CPU
		{772999FD-D456-453F-8C38-B298BE895DF6}.Release|Any CPU.Build.0 = Release|Any CPU
		{772999FD-D456-453F-8C38-B298BE895DF6}.Release|x64.ActiveCfg = Release|Any CPU
		{772999FD-D456-453F-8C38-B298BE895DF6}.Release|x64.Build.0 = Release|Any CPU
		{772999FD-D456-453F-8C38-B298BE895DF6}.Release|x86.ActiveCfg = Release|Any CPU
		{772999FD-D456-453F-8C38-B298BE895DF6}.Release|x86.Build.0 = Release|Any CPU
		{FBB510EB-25FF-4C86-8273-540210BBE0D5}.Debug|Any CPU.ActiveCfg = Debug|Any CPU
		{FBB510EB-25FF-4C86-8273-540210BBE0D5}.Debug|Any CPU.Build.0 = Debug|Any CPU
		{FBB510EB-25FF-4C86-8273-540210BBE0D5}.Debug|x64.ActiveCfg = Debug|Any CPU
		{FBB510EB-25FF-4C86-8273-540210BBE0D5}.Debug|x64.Build.0 = Debug|Any CPU
		{FBB510EB-25FF-4C86-8273-540210BBE0D5}.Debug|x86.ActiveCfg = Debug|Any CPU
		{FBB510EB-25FF-4C86-8273-540210BBE0D5}.Debug|x86.Build.0 = Debug|Any CPU
		{FBB510EB-25FF-4C86-8273-540210BBE0D5}.Release|Any CPU.ActiveCfg = Release|Any CPU
		{FBB510EB-25FF-4C86-8273-540210BBE0D5}.Release|Any CPU.Build.0 = Release|Any CPU
		{FBB510EB-25FF-4C86-8273-540210BBE0D5}.Release|x64.ActiveCfg = Release|Any CPU
		{FBB510EB-25FF-4C86-8273-540210BBE0D5}.Release|x64.Build.0 = Release|Any CPU
		{FBB510EB-25FF-4C86-8273-540210BBE0D5}.Release|x86.ActiveCfg = Release|Any CPU
		{FBB510EB-25FF-4C86-8273-540210BBE0D5}.Release|x86.Build.0 = Release|Any CPU
		{A6C2D719-54B5-45AC-9F04-77DFC884024E}.Debug|Any CPU.ActiveCfg = Debug|Any CPU
		{A6C2D719-54B5-45AC-9F04-77DFC884024E}.Debug|Any CPU.Build.0 = Debug|Any CPU
		{A6C2D719-54B5-45AC-9F04-77DFC884024E}.Debug|x64.ActiveCfg = Debug|Any CPU
		{A6C2D719-54B5-45AC-9F04-77DFC884024E}.Debug|x64.Build.0 = Debug|Any CPU
		{A6C2D719-54B5-45AC-9F04-77DFC884024E}.Debug|x86.ActiveCfg = Debug|Any CPU
		{A6C2D719-54B5-45AC-9F04-77DFC884024E}.Debug|x86.Build.0 = Debug|Any CPU
		{A6C2D719-54B5-45AC-9F04-77DFC884024E}.Release|Any CPU.ActiveCfg = Release|Any CPU
		{A6C2D719-54B5-45AC-9F04-77DFC884024E}.Release|Any CPU.Build.0 = Release|Any CPU
		{A6C2D719-54B5-45AC-9F04-77DFC884024E}.Release|x64.ActiveCfg = Release|Any CPU
		{A6C2D719-54B5-45AC-9F04-77DFC884024E}.Release|x64.Build.0 = Release|Any CPU
		{A6C2D719-54B5-45AC-9F04-77DFC884024E}.Release|x86.ActiveCfg = Release|Any CPU
		{A6C2D719-54B5-45AC-9F04-77DFC884024E}.Release|x86.Build.0 = Release|Any CPU
		{122AF25B-FB04-478C-94BA-0A5806D3F472}.Debug|Any CPU.ActiveCfg = Debug|Any CPU
		{122AF25B-FB04-478C-94BA-0A5806D3F472}.Debug|Any CPU.Build.0 = Debug|Any CPU
		{122AF25B-FB04-478C-94BA-0A5806D3F472}.Debug|x64.ActiveCfg = Debug|Any CPU
		{122AF25B-FB04-478C-94BA-0A5806D3F472}.Debug|x64.Build.0 = Debug|Any CPU
		{122AF25B-FB04-478C-94BA-0A5806D3F472}.Debug|x86.ActiveCfg = Debug|Any CPU
		{122AF25B-FB04-478C-94BA-0A5806D3F472}.Debug|x86.Build.0 = Debug|Any CPU
		{122AF25B-FB04-478C-94BA-0A5806D3F472}.Release|Any CPU.ActiveCfg = Release|Any CPU
		{122AF25B-FB04-478C-94BA-0A5806D3F472}.Release|Any CPU.Build.0 = Release|Any CPU
		{122AF25B-FB04-478C-94BA-0A5806D3F472}.Release|x64.ActiveCfg = Release|Any CPU
		{122AF25B-FB04-478C-94BA-0A5806D3F472}.Release|x64.Build.0 = Release|Any CPU
		{122AF25B-FB04-478C-94BA-0A5806D3F472}.Release|x86.ActiveCfg = Release|Any CPU
		{122AF25B-FB04-478C-94BA-0A5806D3F472}.Release|x86.Build.0 = Release|Any CPU
		{44A776B3-27C0-426F-849B-4DECB0EB11FD}.Debug|Any CPU.ActiveCfg = Debug|Any CPU
		{44A776B3-27C0-426F-849B-4DECB0EB11FD}.Debug|Any CPU.Build.0 = Debug|Any CPU
		{44A776B3-27C0-426F-849B-4DECB0EB11FD}.Debug|x64.ActiveCfg = Debug|Any CPU
		{44A776B3-27C0-426F-849B-4DECB0EB11FD}.Debug|x64.Build.0 = Debug|Any CPU
		{44A776B3-27C0-426F-849B-4DECB0EB11FD}.Debug|x86.ActiveCfg = Debug|Any CPU
		{44A776B3-27C0-426F-849B-4DECB0EB11FD}.Debug|x86.Build.0 = Debug|Any CPU
		{44A776B3-27C0-426F-849B-4DECB0EB11FD}.Release|Any CPU.ActiveCfg = Release|Any CPU
		{44A776B3-27C0-426F-849B-4DECB0EB11FD}.Release|Any CPU.Build.0 = Release|Any CPU
		{44A776B3-27C0-426F-849B-4DECB0EB11FD}.Release|x64.ActiveCfg = Release|Any CPU
		{44A776B3-27C0-426F-849B-4DECB0EB11FD}.Release|x64.Build.0 = Release|Any CPU
		{44A776B3-27C0-426F-849B-4DECB0EB11FD}.Release|x86.ActiveCfg = Release|Any CPU
		{44A776B3-27C0-426F-849B-4DECB0EB11FD}.Release|x86.Build.0 = Release|Any CPU
		{A2A705C2-1493-43EF-9721-8FA3FAD979D0}.Debug|Any CPU.ActiveCfg = Debug|Any CPU
		{A2A705C2-1493-43EF-9721-8FA3FAD979D0}.Debug|Any CPU.Build.0 = Debug|Any CPU
		{A2A705C2-1493-43EF-9721-8FA3FAD979D0}.Debug|x64.ActiveCfg = Debug|Any CPU
		{A2A705C2-1493-43EF-9721-8FA3FAD979D0}.Debug|x64.Build.0 = Debug|Any CPU
		{A2A705C2-1493-43EF-9721-8FA3FAD979D0}.Debug|x86.ActiveCfg = Debug|Any CPU
		{A2A705C2-1493-43EF-9721-8FA3FAD979D0}.Debug|x86.Build.0 = Debug|Any CPU
		{A2A705C2-1493-43EF-9721-8FA3FAD979D0}.Release|Any CPU.ActiveCfg = Release|Any CPU
		{A2A705C2-1493-43EF-9721-8FA3FAD979D0}.Release|Any CPU.Build.0 = Release|Any CPU
		{A2A705C2-1493-43EF-9721-8FA3FAD979D0}.Release|x64.ActiveCfg = Release|Any CPU
		{A2A705C2-1493-43EF-9721-8FA3FAD979D0}.Release|x64.Build.0 = Release|Any CPU
		{A2A705C2-1493-43EF-9721-8FA3FAD979D0}.Release|x86.ActiveCfg = Release|Any CPU
		{A2A705C2-1493-43EF-9721-8FA3FAD979D0}.Release|x86.Build.0 = Release|Any CPU
		{4C5FB71C-DE60-45AF-B432-EEB6728E90E9}.Debug|Any CPU.ActiveCfg = Debug|Any CPU
		{4C5FB71C-DE60-45AF-B432-EEB6728E90E9}.Debug|Any CPU.Build.0 = Debug|Any CPU
		{4C5FB71C-DE60-45AF-B432-EEB6728E90E9}.Debug|x64.ActiveCfg = Debug|Any CPU
		{4C5FB71C-DE60-45AF-B432-EEB6728E90E9}.Debug|x64.Build.0 = Debug|Any CPU
		{4C5FB71C-DE60-45AF-B432-EEB6728E90E9}.Debug|x86.ActiveCfg = Debug|Any CPU
		{4C5FB71C-DE60-45AF-B432-EEB6728E90E9}.Debug|x86.Build.0 = Debug|Any CPU
		{4C5FB71C-DE60-45AF-B432-EEB6728E90E9}.Release|Any CPU.ActiveCfg = Release|Any CPU
		{4C5FB71C-DE60-45AF-B432-EEB6728E90E9}.Release|Any CPU.Build.0 = Release|Any CPU
		{4C5FB71C-DE60-45AF-B432-EEB6728E90E9}.Release|x64.ActiveCfg = Release|Any CPU
		{4C5FB71C-DE60-45AF-B432-EEB6728E90E9}.Release|x64.Build.0 = Release|Any CPU
		{4C5FB71C-DE60-45AF-B432-EEB6728E90E9}.Release|x86.ActiveCfg = Release|Any CPU
		{4C5FB71C-DE60-45AF-B432-EEB6728E90E9}.Release|x86.Build.0 = Release|Any CPU
		{0A9491D9-98A5-4BEE-8FC2-A20FAF3B57E9}.Debug|Any CPU.ActiveCfg = Debug|Any CPU
		{0A9491D9-98A5-4BEE-8FC2-A20FAF3B57E9}.Debug|Any CPU.Build.0 = Debug|Any CPU
		{0A9491D9-98A5-4BEE-8FC2-A20FAF3B57E9}.Debug|x64.ActiveCfg = Debug|Any CPU
		{0A9491D9-98A5-4BEE-8FC2-A20FAF3B57E9}.Debug|x64.Build.0 = Debug|Any CPU
		{0A9491D9-98A5-4BEE-8FC2-A20FAF3B57E9}.Debug|x86.ActiveCfg = Debug|Any CPU
		{0A9491D9-98A5-4BEE-8FC2-A20FAF3B57E9}.Debug|x86.Build.0 = Debug|Any CPU
		{0A9491D9-98A5-4BEE-8FC2-A20FAF3B57E9}.Release|Any CPU.ActiveCfg = Release|Any CPU
		{0A9491D9-98A5-4BEE-8FC2-A20FAF3B57E9}.Release|Any CPU.Build.0 = Release|Any CPU
		{0A9491D9-98A5-4BEE-8FC2-A20FAF3B57E9}.Release|x64.ActiveCfg = Release|Any CPU
		{0A9491D9-98A5-4BEE-8FC2-A20FAF3B57E9}.Release|x64.Build.0 = Release|Any CPU
		{0A9491D9-98A5-4BEE-8FC2-A20FAF3B57E9}.Release|x86.ActiveCfg = Release|Any CPU
		{0A9491D9-98A5-4BEE-8FC2-A20FAF3B57E9}.Release|x86.Build.0 = Release|Any CPU
		{66325E62-E565-4A15-8F73-A72F10385A1F}.Debug|Any CPU.ActiveCfg = Debug|Any CPU
		{66325E62-E565-4A15-8F73-A72F10385A1F}.Debug|Any CPU.Build.0 = Debug|Any CPU
		{66325E62-E565-4A15-8F73-A72F10385A1F}.Debug|x64.ActiveCfg = Debug|Any CPU
		{66325E62-E565-4A15-8F73-A72F10385A1F}.Debug|x64.Build.0 = Debug|Any CPU
		{66325E62-E565-4A15-8F73-A72F10385A1F}.Debug|x86.ActiveCfg = Debug|Any CPU
		{66325E62-E565-4A15-8F73-A72F10385A1F}.Debug|x86.Build.0 = Debug|Any CPU
		{66325E62-E565-4A15-8F73-A72F10385A1F}.Release|Any CPU.ActiveCfg = Release|Any CPU
		{66325E62-E565-4A15-8F73-A72F10385A1F}.Release|Any CPU.Build.0 = Release|Any CPU
		{66325E62-E565-4A15-8F73-A72F10385A1F}.Release|x64.ActiveCfg = Release|Any CPU
		{66325E62-E565-4A15-8F73-A72F10385A1F}.Release|x64.Build.0 = Release|Any CPU
		{66325E62-E565-4A15-8F73-A72F10385A1F}.Release|x86.ActiveCfg = Release|Any CPU
		{66325E62-E565-4A15-8F73-A72F10385A1F}.Release|x86.Build.0 = Release|Any CPU
		{20D9DC77-DBE8-4316-A66E-E5FF3BA5D687}.Debug|Any CPU.ActiveCfg = Debug|Any CPU
		{20D9DC77-DBE8-4316-A66E-E5FF3BA5D687}.Debug|Any CPU.Build.0 = Debug|Any CPU
		{20D9DC77-DBE8-4316-A66E-E5FF3BA5D687}.Debug|x64.ActiveCfg = Debug|Any CPU
		{20D9DC77-DBE8-4316-A66E-E5FF3BA5D687}.Debug|x64.Build.0 = Debug|Any CPU
		{20D9DC77-DBE8-4316-A66E-E5FF3BA5D687}.Debug|x86.ActiveCfg = Debug|Any CPU
		{20D9DC77-DBE8-4316-A66E-E5FF3BA5D687}.Debug|x86.Build.0 = Debug|Any CPU
		{20D9DC77-DBE8-4316-A66E-E5FF3BA5D687}.Release|Any CPU.ActiveCfg = Release|Any CPU
		{20D9DC77-DBE8-4316-A66E-E5FF3BA5D687}.Release|Any CPU.Build.0 = Release|Any CPU
		{20D9DC77-DBE8-4316-A66E-E5FF3BA5D687}.Release|x64.ActiveCfg = Release|Any CPU
		{20D9DC77-DBE8-4316-A66E-E5FF3BA5D687}.Release|x64.Build.0 = Release|Any CPU
		{20D9DC77-DBE8-4316-A66E-E5FF3BA5D687}.Release|x86.ActiveCfg = Release|Any CPU
		{20D9DC77-DBE8-4316-A66E-E5FF3BA5D687}.Release|x86.Build.0 = Release|Any CPU
		{A4595A9B-4EF7-401B-85A0-E8456E2C3C73}.Debug|Any CPU.ActiveCfg = Debug|Any CPU
		{A4595A9B-4EF7-401B-85A0-E8456E2C3C73}.Debug|Any CPU.Build.0 = Debug|Any CPU
		{A4595A9B-4EF7-401B-85A0-E8456E2C3C73}.Debug|x64.ActiveCfg = Debug|Any CPU
		{A4595A9B-4EF7-401B-85A0-E8456E2C3C73}.Debug|x64.Build.0 = Debug|Any CPU
		{A4595A9B-4EF7-401B-85A0-E8456E2C3C73}.Debug|x86.ActiveCfg = Debug|Any CPU
		{A4595A9B-4EF7-401B-85A0-E8456E2C3C73}.Debug|x86.Build.0 = Debug|Any CPU
		{A4595A9B-4EF7-401B-85A0-E8456E2C3C73}.Release|Any CPU.ActiveCfg = Release|Any CPU
		{A4595A9B-4EF7-401B-85A0-E8456E2C3C73}.Release|Any CPU.Build.0 = Release|Any CPU
		{A4595A9B-4EF7-401B-85A0-E8456E2C3C73}.Release|x64.ActiveCfg = Release|Any CPU
		{A4595A9B-4EF7-401B-85A0-E8456E2C3C73}.Release|x64.Build.0 = Release|Any CPU
		{A4595A9B-4EF7-401B-85A0-E8456E2C3C73}.Release|x86.ActiveCfg = Release|Any CPU
		{A4595A9B-4EF7-401B-85A0-E8456E2C3C73}.Release|x86.Build.0 = Release|Any CPU
		{89B276D4-E49A-4C35-850B-3CC53E00C98F}.Debug|Any CPU.ActiveCfg = Debug|Any CPU
		{89B276D4-E49A-4C35-850B-3CC53E00C98F}.Debug|Any CPU.Build.0 = Debug|Any CPU
		{89B276D4-E49A-4C35-850B-3CC53E00C98F}.Debug|x64.ActiveCfg = Debug|Any CPU
		{89B276D4-E49A-4C35-850B-3CC53E00C98F}.Debug|x64.Build.0 = Debug|Any CPU
		{89B276D4-E49A-4C35-850B-3CC53E00C98F}.Debug|x86.ActiveCfg = Debug|Any CPU
		{89B276D4-E49A-4C35-850B-3CC53E00C98F}.Debug|x86.Build.0 = Debug|Any CPU
		{89B276D4-E49A-4C35-850B-3CC53E00C98F}.Release|Any CPU.ActiveCfg = Release|Any CPU
		{89B276D4-E49A-4C35-850B-3CC53E00C98F}.Release|Any CPU.Build.0 = Release|Any CPU
		{89B276D4-E49A-4C35-850B-3CC53E00C98F}.Release|x64.ActiveCfg = Release|Any CPU
		{89B276D4-E49A-4C35-850B-3CC53E00C98F}.Release|x64.Build.0 = Release|Any CPU
		{89B276D4-E49A-4C35-850B-3CC53E00C98F}.Release|x86.ActiveCfg = Release|Any CPU
		{89B276D4-E49A-4C35-850B-3CC53E00C98F}.Release|x86.Build.0 = Release|Any CPU
	EndGlobalSection
	GlobalSection(SolutionProperties) = preSolution
		HideSolutionNode = FALSE
	EndGlobalSection
	GlobalSection(NestedProjects) = preSolution
		{AAD99B00-09E2-462F-AAC3-AFC5821C3176} = {FC0D3259-E191-47C3-9D51-B70C3C3BE8CB}
		{8BD8DEC5-89E8-42FA-9A36-E77E7CC990B9} = {FC0D3259-E191-47C3-9D51-B70C3C3BE8CB}
		{87EE237E-75CF-4139-B010-23AC8DB83D61} = {FC0D3259-E191-47C3-9D51-B70C3C3BE8CB}
		{9E33D0AE-5F9E-437B-B9B1-DAD42A77121B} = {FC0D3259-E191-47C3-9D51-B70C3C3BE8CB}
		{26874231-E315-4EC4-81B3-E95177B970CF} = {FC0D3259-E191-47C3-9D51-B70C3C3BE8CB}
		{F98081E0-3EDB-4B92-B74C-B7864F5BE268} = {FC0D3259-E191-47C3-9D51-B70C3C3BE8CB}
		{7410222F-FFD6-41FD-8651-049D715CE7B5} = {FC0D3259-E191-47C3-9D51-B70C3C3BE8CB}
		{783DF7D9-BF93-42B8-8523-12E6B05774AE} = {FC0D3259-E191-47C3-9D51-B70C3C3BE8CB}
		{0E2B20D4-0A4F-463B-88C0-21A0B46968EA} = {FC0D3259-E191-47C3-9D51-B70C3C3BE8CB}
		{E438A44A-DB07-4B14-B3E6-7396B3F84DB3} = {FC0D3259-E191-47C3-9D51-B70C3C3BE8CB}
		{932C191F-DB90-4DBD-BFED-F35D2C01DE57} = {FC0D3259-E191-47C3-9D51-B70C3C3BE8CB}
		{1FBACF8C-5278-4C41-BD01-A8FB61005C22} = {FC0D3259-E191-47C3-9D51-B70C3C3BE8CB}
		{2CF57E21-5FB8-4403-B24F-BC5779D6EE63} = {FC0D3259-E191-47C3-9D51-B70C3C3BE8CB}
		{19442D51-521F-448A-8227-9CB099E20879} = {FC0D3259-E191-47C3-9D51-B70C3C3BE8CB}
		{DB3D543C-AB98-4E0C-B85D-B49D82C704A3} = {FC0D3259-E191-47C3-9D51-B70C3C3BE8CB}
		{1BD714D8-2F3E-45EB-BA18-E5AC41A17C39} = {FC0D3259-E191-47C3-9D51-B70C3C3BE8CB}
		{46BB5D7F-A8E6-4F03-8922-B542BD5C9804} = {FC0D3259-E191-47C3-9D51-B70C3C3BE8CB}
		{EFB546E3-9FD4-4E37-9A98-AA3614FAD51F} = {FC0D3259-E191-47C3-9D51-B70C3C3BE8CB}
		{D64AFB81-A491-405A-A04A-47C4C026394B} = {FC0D3259-E191-47C3-9D51-B70C3C3BE8CB}
		{772999FD-D456-453F-8C38-B298BE895DF6} = {FC0D3259-E191-47C3-9D51-B70C3C3BE8CB}
		{FBB510EB-25FF-4C86-8273-540210BBE0D5} = {FC0D3259-E191-47C3-9D51-B70C3C3BE8CB}
		{A6C2D719-54B5-45AC-9F04-77DFC884024E} = {FC0D3259-E191-47C3-9D51-B70C3C3BE8CB}
		{122AF25B-FB04-478C-94BA-0A5806D3F472} = {FC0D3259-E191-47C3-9D51-B70C3C3BE8CB}
		{44A776B3-27C0-426F-849B-4DECB0EB11FD} = {FC0D3259-E191-47C3-9D51-B70C3C3BE8CB}
		{A2A705C2-1493-43EF-9721-8FA3FAD979D0} = {FC0D3259-E191-47C3-9D51-B70C3C3BE8CB}
		{4C5FB71C-DE60-45AF-B432-EEB6728E90E9} = {FC0D3259-E191-47C3-9D51-B70C3C3BE8CB}
		{0A9491D9-98A5-4BEE-8FC2-A20FAF3B57E9} = {FC0D3259-E191-47C3-9D51-B70C3C3BE8CB}
		{66325E62-E565-4A15-8F73-A72F10385A1F} = {FC0D3259-E191-47C3-9D51-B70C3C3BE8CB}
		{20D9DC77-DBE8-4316-A66E-E5FF3BA5D687} = {FC0D3259-E191-47C3-9D51-B70C3C3BE8CB}
		{A4595A9B-4EF7-401B-85A0-E8456E2C3C73} = {FC0D3259-E191-47C3-9D51-B70C3C3BE8CB}
		{89B276D4-E49A-4C35-850B-3CC53E00C98F} = {FC0D3259-E191-47C3-9D51-B70C3C3BE8CB}
	EndGlobalSection
	GlobalSection(ExtensibilityGlobals) = postSolution
		SolutionGuid = {1A111E5C-E392-4B24-9AD2-D863ABA8635F}
	EndGlobalSection
EndGlobal
